
Microsoft Visual Studio Solution File, Format Version 12.00
# Visual Studio Version 16
VisualStudioVersion = 16.0.31702.278
MinimumVisualStudioVersion = 10.0.40219.1
Project("{FAE04EC0-301F-11D3-BF4B-00C04F79EFBC}") = "JobScope", "JobScope.csproj", "{10CA14E5-6B41-4544-B58C-33891C7F0945}"
EndProject
Global
	GlobalSection(SolutionConfigurationPlatforms) = preSolution
		Debug|Any CPU = Debug|Any CPU
		Release|Any CPU = Release|Any CPU
	EndGlobalSection
	GlobalSection(ProjectConfigurationPlatforms) = postSolution
		{10CA14E5-6B41-4544-B58C-33891C7F0945}.Debug|Any CPU.ActiveCfg = Debug|Any CPU
		{10CA14E5-6B41-4544-B58C-33891C7F0945}.Debug|Any CPU.Build.0 = Debug|Any CPU
		{10CA14E5-6B41-4544-B58C-33891C7F0945}.Release|Any CPU.ActiveCfg = Release|Any CPU
		{10CA14E5-6B41-4544-B58C-33891C7F0945}.Release|Any CPU.Build.0 = Release|Any CPU
	EndGlobalSection
	GlobalSection(SolutionProperties) = preSolution
		HideSolutionNode = FALSE
	EndGlobalSection
	GlobalSection(ExtensibilityGlobals) = postSolution
		SolutionGuid = {CF0ABB49-ED74-4EDC-A404-FB4E2C0E1F01}
	EndGlobalSection
EndGlobal
